<?xml version="1.0" encoding="utf-8"?>
<Project ToolsVersion="4.0" xmlns="http://schemas.microsoft.com/developer/msbuild/2003">
  <ItemGroup>
    <Filter Include="Source Files">
      <UniqueIdentifier>{4FC737F1-C7A5-4376-A066-2A32D752A2FF}</UniqueIdentifier>
      <Extensions>cpp;c;cc;cxx;def;odl;idl;hpj;bat;asm;asmx</Extensions>
    </Filter>
    <Filter Include="Header Files">
      <UniqueIdentifier>{93995380-89BD-4b04-88EB-625FBE52EBFB}</UniqueIdentifier>
      <Extensions>h;hh;hpp;hxx;hm;inl;inc;xsd</Extensions>
    </Filter>
    <Filter Include="Resource Files">
      <UniqueIdentifier>{67DA6AB6-F800-4c08-8B7A-83BB121AAD01}</UniqueIdentifier>
      <Extensions>rc;ico;cur;bmp;dlg;rc2;rct;bin;rgs;gif;jpg;jpeg;jpe;resx;tiff;tif;png;wav;mfcribbon-ms</Extensions>
    </Filter>
    <Filter Include="Form Files">
      <UniqueIdentifier>{99349809-55BA-4b9d-BF79-8FDBB0286EB3}</UniqueIdentifier>
      <Extensions>ui</Extensions>
    </Filter>
    <Filter Include="Resource Files">
      <UniqueIdentifier>{D9D6E242-F8AF-46E4-B9FD-80ECBC20BA3E}</UniqueIdentifier>
      <Extensions>qrc;*</Extensions>
      <ParseFiles>false</ParseFiles>
    </Filter>
  </ItemGroup>
  <ItemGroup>
    <QtRcc Include="StreamH264Demo.qrc">
      <Filter>Resource Files</Filter>
    </QtRcc>
    <QtUic Include="StreamH264Demo.ui">
      <Filter>Resource Files</Filter>
    </QtUic>
  </ItemGroup>
  <ItemGroup>
    <ClCompile Include="main.cpp">
      <Filter>Source Files</Filter>
    </ClCompile>
    <ClCompile Include="StreamH264Demo.cpp">
      <Filter>Source Files</Filter>
    </ClCompile>
    <ClCompile Include="WindowInterface.cpp">
      <Filter>Source Files</Filter>
    </ClCompile>
    <ClCompile Include="WelcomeUI.cpp">
      <Filter>Source Files</Filter>
    </ClCompile>
    <ClCompile Include="slot.cpp">
      <Filter>Source Files</Filter>
    </ClCompile>
    <ClCompile Include="RTC.cpp">
      <Filter>Source Files</Filter>
    </ClCompile>
    <ClCompile Include="ChannelUI.cpp">
      <Filter>Source Files</Filter>
    </ClCompile>
    <ClCompile Include="VideoCapture.cpp">
      <Filter>Source Files</Filter>
    </ClCompile>
    <ClCompile Include="YUV420P_Render.cpp">
      <Filter>Source Files</Filter>
    </ClCompile>
    <ClCompile Include="GLYuvWidget.cpp">
      <Filter>Source Files</Filter>
    </ClCompile>
    <ClCompile Include="SlotMgr.cpp">
      <Filter>Source Files</Filter>
    </ClCompile>
    <ClCompile Include="CustomVideoSource.cpp">
      <Filter>Source Files</Filter>
    </ClCompile>
    <ClCompile Include="CustomVideoSink.cpp">
      <Filter>Source Files</Filter>
    </ClCompile>
    <ClCompile Include="MyChannelEventHandler.cpp">
      <Filter>Source Files</Filter>
    </ClCompile>
    <ClCompile Include="VideoConvertor.cpp">
      <Filter>Source Files</Filter>
    </ClCompile>
    <ClCompile Include="VideoDecoder.cpp">
      <Filter>Source Files</Filter>
    </ClCompile>
  </ItemGroup>
  <ItemGroup>
    <QtMoc Include="WelcomeUI.h">
      <Filter>Header Files</Filter>
    </QtMoc>
    <QtMoc Include="ChannelUI.h">
      <Filter>Header Files</Filter>
    </QtMoc>
    <QtMoc Include="GLYuvWidget.h">
      <Filter>Header Files</Filter>
    </QtMoc>
    <QtMoc Include="SlotMgr.h">
      <Filter>Header Files</Filter>
    </QtMoc>
  </ItemGroup>
  <ItemGroup>
    <ClInclude Include="StreamH264Demo.h">
      <Filter>Header Files</Filter>
    </ClInclude>
    <ClInclude Include="SingletonGC.h">
      <Filter>Header Files</Filter>
    </ClInclude>
    <ClInclude Include="WindowInterface.h">
      <Filter>Header Files</Filter>
    </ClInclude>
    <ClInclude Include="RTC.h">
      <Filter>Header Files</Filter>
    </ClInclude>
    <ClInclude Include="VideoCapture.h">
      <Filter>Header Files</Filter>
    </ClInclude>
    <ClInclude Include="YUV420P_Render.h">
      <Filter>Header Files</Filter>
    </ClInclude>
    <ClInclude Include="CustomVideoSource.h">
      <Filter>Header Files</Filter>
    </ClInclude>
    <ClInclude Include="CustomVideoSink.h">
      <Filter>Header Files</Filter>
    </ClInclude>
    <ClInclude Include="MyChannelEventHandler.h">
      <Filter>Header Files</Filter>
    </ClInclude>
    <ClInclude Include="VideoConvertor.h">
      <Filter>Header Files</Filter>
    </ClInclude>
    <ClInclude Include="VideoDecoder.h">
      <Filter>Source Files</Filter>
    </ClInclude>
  </ItemGroup>
</Project>